
Microsoft Visual Studio Solution File, Format Version 12.00
# Visual Studio Version 16
VisualStudioVersion = 16.0.31129.286
MinimumVisualStudioVersion = 10.0.40219.1
Project("{FAE04EC0-301F-11D3-BF4B-00C04F79EFBC}") = "VeterinariaApp", "VeterinariaApp\VeterinariaApp.csproj", "{8F01C1CD-AB66-441D-B859-B12EF3FBA00B}"
EndProject
Project("{FAE04EC0-301F-11D3-BF4B-00C04F79EFBC}") = "VeterinariaDAL", "VeterinariaDAL\VeterinariaDAL.csproj", "{63ACA241-5BB7-4C2B-B982-D8FC66123827}"
EndProject
Project("{FAE04EC0-301F-11D3-BF4B-00C04F79EFBC}") = "VeterinariaBL", "VeterinariaBL\VeterinariaBL.csproj", "{502D72B9-38F3-4257-A35F-253C898C7190}"
EndProject
Project("{FAE04EC0-301F-11D3-BF4B-00C04F79EFBC}") = "VeterinariaBE", "VeterinariaBE\VeterinariaBE.csproj", "{63E67D0D-BE79-4C14-8947-36A86D6B019F}"
EndProject
Global
	GlobalSection(SolutionConfigurationPlatforms) = preSolution
		Debug|Any CPU = Debug|Any CPU
		Release|Any CPU = Release|Any CPU
	EndGlobalSection
	GlobalSection(ProjectConfigurationPlatforms) = postSolution
		{8F01C1CD-AB66-441D-B859-B12EF3FBA00B}.Debug|Any CPU.ActiveCfg = Debug|Any CPU
		{8F01C1CD-AB66-441D-B859-B12EF3FBA00B}.Debug|Any CPU.Build.0 = Debug|Any CPU
		{8F01C1CD-AB66-441D-B859-B12EF3FBA00B}.Release|Any CPU.ActiveCfg = Release|Any CPU
		{8F01C1CD-AB66-441D-B859-B12EF3FBA00B}.Release|Any CPU.Build.0 = Release|Any CPU
		{63ACA241-5BB7-4C2B-B982-D8FC66123827}.Debug|Any CPU.ActiveCfg = Debug|Any CPU
		{63ACA241-5BB7-4C2B-B982-D8FC66123827}.Debug|Any CPU.Build.0 = Debug|Any CPU
		{63ACA241-5BB7-4C2B-B982-D8FC66123827}.Release|Any CPU.ActiveCfg = Release|Any CPU
		{63ACA241-5BB7-4C2B-B982-D8FC66123827}.Release|Any CPU.Build.0 = Release|Any CPU
		{502D72B9-38F3-4257-A35F-253C898C7190}.Debug|Any CPU.ActiveCfg = Debug|Any CPU
		{502D72B9-38F3-4257-A35F-253C898C7190}.Debug|Any CPU.Build.0 = Debug|Any CPU
		{502D72B9-38F3-4257-A35F-253C898C7190}.Release|Any CPU.ActiveCfg = Release|Any CPU
		{502D72B9-38F3-4257-A35F-253C898C7190}.Release|Any CPU.Build.0 = Release|Any CPU
		{63E67D0D-BE79-4C14-8947-36A86D6B019F}.Debug|Any CPU.ActiveCfg = Debug|Any CPU
		{63E67D0D-BE79-4C14-8947-36A86D6B019F}.Debug|Any CPU.Build.0 = Debug|Any CPU
		{63E67D0D-BE79-4C14-8947-36A86D6B019F}.Release|Any CPU.ActiveCfg = Release|Any CPU
		{63E67D0D-BE79-4C14-8947-36A86D6B019F}.Release|Any CPU.Build.0 = Release|Any CPU
	EndGlobalSection
	GlobalSection(SolutionProperties) = preSolution
		HideSolutionNode = FALSE
	EndGlobalSection
	GlobalSection(ExtensibilityGlobals) = postSolution
		SolutionGuid = {84B1620F-2FDF-484B-BDBB-9ED151163885}
	EndGlobalSection
EndGlobal
